
Microsoft Visual Studio Solution File, Format Version 12.00
# Visual Studio Version 16
VisualStudioVersion = 16.0.32002.261
MinimumVisualStudioVersion = 10.0.40219.1
Project("{FAE04EC0-301F-11D3-BF4B-00C04F79EFBC}") = "ProiectWPF", "ProiectWPF\ProiectWPF.csproj", "{6EE93974-03B7-4867-8A1B-3F1E09EF1AD3}"
EndProject
Project("{FAE04EC0-301F-11D3-BF4B-00C04F79EFBC}") = "ProiectWPFModel", "ProiectWPFModel\ProiectWPFModel.csproj", "{8AE3B181-50FD-41F4-9DEB-3FEE787E9297}"
EndProject
Global
	GlobalSection(SolutionConfigurationPlatforms) = preSolution
		Debug|Any CPU = Debug|Any CPU
		Release|Any CPU = Release|Any CPU
	EndGlobalSection
	GlobalSection(ProjectConfigurationPlatforms) = postSolution
		{6EE93974-03B7-4867-8A1B-3F1E09EF1AD3}.Debug|Any CPU.ActiveCfg = Debug|Any CPU
		{6EE93974-03B7-4867-8A1B-3F1E09EF1AD3}.Debug|Any CPU.Build.0 = Debug|Any CPU
		{6EE93974-03B7-4867-8A1B-3F1E09EF1AD3}.Release|Any CPU.ActiveCfg = Release|Any CPU
		{6EE93974-03B7-4867-8A1B-3F1E09EF1AD3}.Release|Any CPU.Build.0 = Release|Any CPU
		{8AE3B181-50FD-41F4-9DEB-3FEE787E9297}.Debug|Any CPU.ActiveCfg = Debug|Any CPU
		{8AE3B181-50FD-41F4-9DEB-3FEE787E9297}.Debug|Any CPU.Build.0 = Debug|Any CPU
		{8AE3B181-50FD-41F4-9DEB-3FEE787E9297}.Release|Any CPU.ActiveCfg = Release|Any CPU
		{8AE3B181-50FD-41F4-9DEB-3FEE787E9297}.Release|Any CPU.Build.0 = Release|Any CPU
	EndGlobalSection
	GlobalSection(SolutionProperties) = preSolution
		HideSolutionNode = FALSE
	EndGlobalSection
	GlobalSection(ExtensibilityGlobals) = postSolution
		SolutionGuid = {01BF9AB2-4FBF-42F0-85EF-F8FC4F7294D7}
	EndGlobalSection
EndGlobal
